{
  "name": "syft",
  "version": "0.0.0",
  "lockfileVersion": 1,
  "requires": true,
  "dependencies": {
    "@types/node": {
      "version": "8.5.2",
      "resolved": "https://registry.npmjs.org/@types/node/-/node-8.5.2.tgz",
      "integrity": "sha512-KA4GKOpgXnrqEH2eCVhiv2CsxgXGQJgV1X0vsGlh+WCnxbeAE1GT44ZsTU1IN5dEeV/gDupKa7gWo08V5IxWVQ==",
      "dev": true
    },
    "@types/uuid": {
      "version": "3.4.3",
      "resolved": "https://registry.npmjs.org/@types/uuid/-/uuid-3.4.3.tgz",
      "integrity": "sha512-5fRLCYhLtDb3hMWqQyH10qtF+Ud2JnNCXTCZ+9ktNdCcgslcuXkDTkFcJNk++MT29yDntDnlF1+jD+uVGumsbw==",
      "dev": true,
      "requires": {
        "@types/node": "8.5.2"
      }
    },
    "@types/zmq": {
      "version": "0.0.22",
      "resolved": "https://registry.npmjs.org/@types/zmq/-/zmq-0.0.22.tgz",
      "integrity": "sha512-TpVeU0GXJE8YbVvNbIu4M/DppNxlnkqo7gmPqCrC4wAPia40OUmxEPZvox+aBM6Z660ONgm8TP2XkmhG1FpSJA==",
      "dev": true,
      "requires": {
        "@types/node": "8.5.2"
      }
    },
    "bindings": {
      "version": "1.2.1",
      "resolved": "https://registry.npmjs.org/bindings/-/bindings-1.2.1.tgz",
      "integrity": "sha1-FK1hE4EtLTfXLme0ystLtyZQXxE="
    },
    "co": {
      "version": "4.6.0",
      "resolved": "https://registry.npmjs.org/co/-/co-4.6.0.tgz",
      "integrity": "sha1-bqa989hTrlTMuOR7+gvz+QMfsYQ="
    },
    "minimist": {
      "version": "0.0.10",
      "resolved": "https://registry.npmjs.org/minimist/-/minimist-0.0.10.tgz",
      "integrity": "sha1-3j+YVD2/lggr5IrRoMfNqDYwHc8="
    },
    "mnist": {
      "version": "1.1.0",
      "resolved": "https://registry.npmjs.org/mnist/-/mnist-1.1.0.tgz",
      "integrity": "sha512-x+SfS5tSJnOEjad6jkuL91Cuq9EAVmy1IYt6vdWEsYCjJZsj0oB2xCq+sg5cgiEt9W+xBT31q9IwI2h7h1VtOw=="
    },
    "mnist_dl": {
      "version": "1.0.0",
      "resolved": "https://registry.npmjs.org/mnist_dl/-/mnist_dl-1.0.0.tgz",
      "integrity": "sha1-6PXVDUV0Lbz9xIjYKxn93hMCBsc=",
      "requires": {
        "co": "4.6.0",
        "optimist": "0.6.1",
        "q": "1.5.1"
      }
    },
    "nan": {
      "version": "2.3.5",
      "resolved": "https://registry.npmjs.org/nan/-/nan-2.3.5.tgz",
      "integrity": "sha1-gioNwmYpDOTNOhIoLKPn42Rmigg="
    },
    "optimist": {
      "version": "0.6.1",
      "resolved": "https://registry.npmjs.org/optimist/-/optimist-0.6.1.tgz",
      "integrity": "sha1-2j6nRob6IaGaERwybpDrFaAZZoY=",
      "requires": {
        "minimist": "0.0.10",
        "wordwrap": "0.0.3"
      }
    },
    "promasync": {
      "version": "1.2.2",
      "resolved": "https://registry.npmjs.org/promasync/-/promasync-1.2.2.tgz",
      "integrity": "sha1-+iKe7yp5igwkgI813x3DZZiVkWQ=",
      "requires": {
        "tslib": "1.8.1"
      }
    },
    "q": {
      "version": "1.5.1",
      "resolved": "https://registry.npmjs.org/q/-/q-1.5.1.tgz",
      "integrity": "sha1-fjL3W0E4EpHQRhHxvxQQmsAGUdc="
    },
    "tslib": {
      "version": "1.8.1",
      "resolved": "https://registry.npmjs.org/tslib/-/tslib-1.8.1.tgz",
      "integrity": "sha1-aUavLR1lGnsYY7Ux1uWvpBqkTqw="
    },
    "uuid": {
      "version": "3.1.0",
      "resolved": "https://registry.npmjs.org/uuid/-/uuid-3.1.0.tgz",
      "integrity": "sha512-DIWtzUkw04M4k3bf1IcpS2tngXEL26YUD2M0tMDUpnUrz2hgzUBlD55a4FjdLGPvfHxS6uluGWvaVEqgBcVa+g=="
    },
    "wordwrap": {
      "version": "0.0.3",
      "resolved": "https://registry.npmjs.org/wordwrap/-/wordwrap-0.0.3.tgz",
      "integrity": "sha1-o9XabNXAvAAI03I0u68b7WMFkQc="
    },
    "zmq": {
      "version": "2.15.3",
      "resolved": "https://registry.npmjs.org/zmq/-/zmq-2.15.3.tgz",
      "integrity": "sha1-Zsbegsw2sJc0uCBwN3ZJCm+75iQ=",
      "requires": {
        "bindings": "1.2.1",
        "nan": "2.3.5"
      }
    }
  }
}
